
Microsoft Visual Studio Solution File, Format Version 12.00
# Visual Studio 15
VisualStudioVersion = 15.0.27004.2010
MinimumVisualStudioVersion = 10.0.40219.1
Project("{8BC9CEB8-8B4A-11D0-8D11-00A0C91BC942}") = "CFAL12896A0-0127-F0_Seeeduino", "CFAL12896A0-0127-F_Seeeduino\CFAL12896A0-0127-F0_Seeeduino.vcxproj", "{C99BA509-C00F-4BD7-A6BF-EFE4C8C15545}"
EndProject
Project("{8BC9CEB8-8B4A-11D0-8D11-00A0C91BC942}") = "CFAL12896A0-0127-F0_Feather_M0", "CFAL12896A0-0127-F_Feather_M0\CFAL12896A0-0127-F0_Feather_M0.vcxproj", "{C5F80730-F44F-4478-BDAE-6634EFC2CA88}"
EndProject
Global
	GlobalSection(SolutionConfigurationPlatforms) = preSolution
		Debug|x86 = Debug|x86
		Release|x86 = Release|x86
	EndGlobalSection
	GlobalSection(ProjectConfigurationPlatforms) = postSolution
		{C99BA509-C00F-4BD7-A6BF-EFE4C8C15545}.Debug|x86.ActiveCfg = Debug|Win32
		{C99BA509-C00F-4BD7-A6BF-EFE4C8C15545}.Debug|x86.Build.0 = Debug|Win32
		{C99BA509-C00F-4BD7-A6BF-EFE4C8C15545}.Release|x86.ActiveCfg = Release|Win32
		{C99BA509-C00F-4BD7-A6BF-EFE4C8C15545}.Release|x86.Build.0 = Release|Win32
		{C5F80730-F44F-4478-BDAE-6634EFC2CA88}.Debug|x86.ActiveCfg = Debug|Win32
		{C5F80730-F44F-4478-BDAE-6634EFC2CA88}.Debug|x86.Build.0 = Debug|Win32
		{C5F80730-F44F-4478-BDAE-6634EFC2CA88}.Release|x86.ActiveCfg = Release|Win32
		{C5F80730-F44F-4478-BDAE-6634EFC2CA88}.Release|x86.Build.0 = Release|Win32
	EndGlobalSection
	GlobalSection(SolutionProperties) = preSolution
		HideSolutionNode = FALSE
	EndGlobalSection
	GlobalSection(ExtensibilityGlobals) = postSolution
		SolutionGuid = {BB66655A-8A3B-4033-AED1-2A231C3686DA}
	EndGlobalSection
EndGlobal
